
Microsoft Visual Studio Solution File, Format Version 12.00
# Visual Studio Version 17
VisualStudioVersion = 17.0.31903.59
MinimumVisualStudioVersion = 10.0.40219.1
Project("{2150E333-8FDC-42A3-9474-1A3956D46DE8}") = "src", "src", "{827E0CD3-B72D-47B6-A68D-7590B98EB39B}"
EndProject
Project("{FAE04EC0-301F-11D3-BF4B-00C04F79EFBC}") = "IKMS.Domain", "src\IKMS.Domain\IKMS.Domain.csproj", "{E2169DFA-1597-497D-A4D4-50E055754FA8}"
EndProject
Project("{FAE04EC0-301F-11D3-BF4B-00C04F79EFBC}") = "IKMS.Application", "src\IKMS.Application\IKMS.Application.csproj", "{1DACBB28-DBFF-4711-A19E-8BD91A51F5ED}"
EndProject
Project("{FAE04EC0-301F-11D3-BF4B-00C04F79EFBC}") = "IKMS.Infrastructure", "src\IKMS.Infrastructure\IKMS.Infrastructure.csproj", "{C1101783-0E96-4C76-A413-E98B43D90F27}"
EndProject
Project("{FAE04EC0-301F-11D3-BF4B-00C04F79EFBC}") = "IKMS.WebApi", "src\IKMS.WebApi\IKMS.WebApi.csproj", "{9D53396B-1CE0-4DA1-962C-A8DCFAAA40AB}"
EndProject
Project("{FAE04EC0-301F-11D3-BF4B-00C04F79EFBC}") = "IKMS.Domain.Tests", "tests\IKMS.Domain.Tests\IKMS.Domain.Tests.csproj", "{35341E7D-3941-4094-97A1-1AB8E7B1D0EB}"
EndProject
Project("{FAE04EC0-301F-11D3-BF4B-00C04F79EFBC}") = "IKMS.Application.Tests", "tests\IKMS.Application.Tests\IKMS.Application.Tests.csproj", "{94A9506B-9BB1-4F66-9EA9-FADF873E8B82}"
EndProject
Project("{FAE04EC0-301F-11D3-BF4B-00C04F79EFBC}") = "IKMS.WebApi.IntegrationTests", "tests\IKMS.WebApi.IntegrationTests\IKMS.WebApi.IntegrationTests.csproj", "{4B645C4F-6DFE-4E98-B503-438E481316AA}"
EndProject
Global
	GlobalSection(SolutionConfigurationPlatforms) = preSolution
		Debug|Any CPU = Debug|Any CPU
		Debug|x64 = Debug|x64
		Debug|x86 = Debug|x86
		Release|Any CPU = Release|Any CPU
		Release|x64 = Release|x64
		Release|x86 = Release|x86
	EndGlobalSection
	GlobalSection(ProjectConfigurationPlatforms) = postSolution
		{E2169DFA-1597-497D-A4D4-50E055754FA8}.Debug|Any CPU.ActiveCfg = Debug|Any CPU
		{E2169DFA-1597-497D-A4D4-50E055754FA8}.Debug|Any CPU.Build.0 = Debug|Any CPU
		{E2169DFA-1597-497D-A4D4-50E055754FA8}.Debug|x64.ActiveCfg = Debug|Any CPU
		{E2169DFA-1597-497D-A4D4-50E055754FA8}.Debug|x64.Build.0 = Debug|Any CPU
		{E2169DFA-1597-497D-A4D4-50E055754FA8}.Debug|x86.ActiveCfg = Debug|Any CPU
		{E2169DFA-1597-497D-A4D4-50E055754FA8}.Debug|x86.Build.0 = Debug|Any CPU
		{E2169DFA-1597-497D-A4D4-50E055754FA8}.Release|Any CPU.ActiveCfg = Release|Any CPU
		{E2169DFA-1597-497D-A4D4-50E055754FA8}.Release|Any CPU.Build.0 = Release|Any CPU
		{E2169DFA-1597-497D-A4D4-50E055754FA8}.Release|x64.ActiveCfg = Release|Any CPU
		{E2169DFA-1597-497D-A4D4-50E055754FA8}.Release|x64.Build.0 = Release|Any CPU
		{E2169DFA-1597-497D-A4D4-50E055754FA8}.Release|x86.ActiveCfg = Release|Any CPU
		{E2169DFA-1597-497D-A4D4-50E055754FA8}.Release|x86.Build.0 = Release|Any CPU
		{1DACBB28-DBFF-4711-A19E-8BD91A51F5ED}.Debug|Any CPU.ActiveCfg = Debug|Any CPU
		{1DACBB28-DBFF-4711-A19E-8BD91A51F5ED}.Debug|Any CPU.Build.0 = Debug|Any CPU
		{1DACBB28-DBFF-4711-A19E-8BD91A51F5ED}.Debug|x64.ActiveCfg = Debug|Any CPU
		{1DACBB28-DBFF-4711-A19E-8BD91A51F5ED}.Debug|x64.Build.0 = Debug|Any CPU
		{1DACBB28-DBFF-4711-A19E-8BD91A51F5ED}.Debug|x86.ActiveCfg = Debug|Any CPU
		{1DACBB28-DBFF-4711-A19E-8BD91A51F5ED}.Debug|x86.Build.0 = Debug|Any CPU
		{1DACBB28-DBFF-4711-A19E-8BD91A51F5ED}.Release|Any CPU.ActiveCfg = Release|Any CPU
		{1DACBB28-DBFF-4711-A19E-8BD91A51F5ED}.Release|Any CPU.Build.0 = Release|Any CPU
		{1DACBB28-DBFF-4711-A19E-8BD91A51F5ED}.Release|x64.ActiveCfg = Release|Any CPU
		{1DACBB28-DBFF-4711-A19E-8BD91A51F5ED}.Release|x64.Build.0 = Release|Any CPU
		{1DACBB28-DBFF-4711-A19E-8BD91A51F5ED}.Release|x86.ActiveCfg = Release|Any CPU
		{1DACBB28-DBFF-4711-A19E-8BD91A51F5ED}.Release|x86.Build.0 = Release|Any CPU
		{C1101783-0E96-4C76-A413-E98B43D90F27}.Debug|Any CPU.ActiveCfg = Debug|Any CPU
		{C1101783-0E96-4C76-A413-E98B43D90F27}.Debug|Any CPU.Build.0 = Debug|Any CPU
		{C1101783-0E96-4C76-A413-E98B43D90F27}.Debug|x64.ActiveCfg = Debug|Any CPU
		{C1101783-0E96-4C76-A413-E98B43D90F27}.Debug|x64.Build.0 = Debug|Any CPU
		{C1101783-0E96-4C76-A413-E98B43D90F27}.Debug|x86.ActiveCfg = Debug|Any CPU
		{C1101783-0E96-4C76-A413-E98B43D90F27}.Debug|x86.Build.0 = Debug|Any CPU
		{C1101783-0E96-4C76-A413-E98B43D90F27}.Release|Any CPU.ActiveCfg = Release|Any CPU
		{C1101783-0E96-4C76-A413-E98B43D90F27}.Release|Any CPU.Build.0 = Release|Any CPU
		{C1101783-0E96-4C76-A413-E98B43D90F27}.Release|x64.ActiveCfg = Release|Any CPU
		{C1101783-0E96-4C76-A413-E98B43D90F27}.Release|x64.Build.0 = Release|Any CPU
		{C1101783-0E96-4C76-A413-E98B43D90F27}.Release|x86.ActiveCfg = Release|Any CPU
		{C1101783-0E96-4C76-A413-E98B43D90F27}.Release|x86.Build.0 = Release|Any CPU
		{9D53396B-1CE0-4DA1-962C-A8DCFAAA40AB}.Debug|Any CPU.ActiveCfg = Debug|Any CPU
		{9D53396B-1CE0-4DA1-962C-A8DCFAAA40AB}.Debug|Any CPU.Build.0 = Debug|Any CPU
		{9D53396B-1CE0-4DA1-962C-A8DCFAAA40AB}.Debug|x64.ActiveCfg = Debug|Any CPU
		{9D53396B-1CE0-4DA1-962C-A8DCFAAA40AB}.Debug|x64.Build.0 = Debug|Any CPU
		{9D53396B-1CE0-4DA1-962C-A8DCFAAA40AB}.Debug|x86.ActiveCfg = Debug|Any CPU
		{9D53396B-1CE0-4DA1-962C-A8DCFAAA40AB}.Debug|x86.Build.0 = Debug|Any CPU
		{9D53396B-1CE0-4DA1-962C-A8DCFAAA40AB}.Release|Any CPU.ActiveCfg = Release|Any CPU
		{9D53396B-1CE0-4DA1-962C-A8DCFAAA40AB}.Release|Any CPU.Build.0 = Release|Any CPU
		{9D53396B-1CE0-4DA1-962C-A8DCFAAA40AB}.Release|x64.ActiveCfg = Release|Any CPU
		{9D53396B-1CE0-4DA1-962C-A8DCFAAA40AB}.Release|x64.Build.0 = Release|Any CPU
		{9D53396B-1CE0-4DA1-962C-A8DCFAAA40AB}.Release|x86.ActiveCfg = Release|Any CPU
		{9D53396B-1CE0-4DA1-962C-A8DCFAAA40AB}.Release|x86.Build.0 = Release|Any CPU
		{35341E7D-3941-4094-97A1-1AB8E7B1D0EB}.Debug|Any CPU.ActiveCfg = Debug|Any CPU
		{35341E7D-3941-4094-97A1-1AB8E7B1D0EB}.Debug|Any CPU.Build.0 = Debug|Any CPU
		{35341E7D-3941-4094-97A1-1AB8E7B1D0EB}.Debug|x64.ActiveCfg = Debug|Any CPU
		{35341E7D-3941-4094-97A1-1AB8E7B1D0EB}.Debug|x64.Build.0 = Debug|Any CPU
		{35341E7D-3941-4094-97A1-1AB8E7B1D0EB}.Debug|x86.ActiveCfg = Debug|Any CPU
		{35341E7D-3941-4094-97A1-1AB8E7B1D0EB}.Debug|x86.Build.0 = Debug|Any CPU
		{35341E7D-3941-4094-97A1-1AB8E7B1D0EB}.Release|Any CPU.ActiveCfg = Release|Any CPU
		{35341E7D-3941-4094-97A1-1AB8E7B1D0EB}.Release|Any CPU.Build.0 = Release|Any CPU
		{35341E7D-3941-4094-97A1-1AB8E7B1D0EB}.Release|x64.ActiveCfg = Release|Any CPU
		{35341E7D-3941-4094-97A1-1AB8E7B1D0EB}.Release|x64.Build.0 = Release|Any CPU
		{35341E7D-3941-4094-97A1-1AB8E7B1D0EB}.Release|x86.ActiveCfg = Release|Any CPU
		{35341E7D-3941-4094-97A1-1AB8E7B1D0EB}.Release|x86.Build.0 = Release|Any CPU
		{94A9506B-9BB1-4F66-9EA9-FADF873E8B82}.Debug|Any CPU.ActiveCfg = Debug|Any CPU
		{94A9506B-9BB1-4F66-9EA9-FADF873E8B82}.Debug|Any CPU.Build.0 = Debug|Any CPU
		{94A9506B-9BB1-4F66-9EA9-FADF873E8B82}.Debug|x64.ActiveCfg = Debug|Any CPU
		{94A9506B-9BB1-4F66-9EA9-FADF873E8B82}.Debug|x64.Build.0 = Debug|Any CPU
		{94A9506B-9BB1-4F66-9EA9-FADF873E8B82}.Debug|x86.ActiveCfg = Debug|Any CPU
		{94A9506B-9BB1-4F66-9EA9-FADF873E8B82}.Debug|x86.Build.0 = Debug|Any CPU
		{94A9506B-9BB1-4F66-9EA9-FADF873E8B82}.Release|Any CPU.ActiveCfg = Release|Any CPU
		{94A9506B-9BB1-4F66-9EA9-FADF873E8B82}.Release|Any CPU.Build.0 = Release|Any CPU
		{94A9506B-9BB1-4F66-9EA9-FADF873E8B82}.Release|x64.ActiveCfg = Release|Any CPU
		{94A9506B-9BB1-4F66-9EA9-FADF873E8B82}.Release|x64.Build.0 = Release|Any CPU
		{94A9506B-9BB1-4F66-9EA9-FADF873E8B82}.Release|x86.ActiveCfg = Release|Any CPU
		{94A9506B-9BB1-4F66-9EA9-FADF873E8B82}.Release|x86.Build.0 = Release|Any CPU
		{4B645C4F-6DFE-4E98-B503-438E481316AA}.Debug|Any CPU.ActiveCfg = Debug|Any CPU
		{4B645C4F-6DFE-4E98-B503-438E481316AA}.Debug|Any CPU.Build.0 = Debug|Any CPU
		{4B645C4F-6DFE-4E98-B503-438E481316AA}.Debug|x64.ActiveCfg = Debug|Any CPU
		{4B645C4F-6DFE-4E98-B503-438E481316AA}.Debug|x64.Build.0 = Debug|Any CPU
		{4B645C4F-6DFE-4E98-B503-438E481316AA}.Debug|x86.ActiveCfg = Debug|Any CPU
		{4B645C4F-6DFE-4E98-B503-438E481316AA}.Debug|x86.Build.0 = Debug|Any CPU
		{4B645C4F-6DFE-4E98-B503-438E481316AA}.Release|Any CPU.ActiveCfg = Release|Any CPU
		{4B645C4F-6DFE-4E98-B503-438E481316AA}.Release|Any CPU.Build.0 = Release|Any CPU
		{4B645C4F-6DFE-4E98-B503-438E481316AA}.Release|x64.ActiveCfg = Release|Any CPU
		{4B645C4F-6DFE-4E98-B503-438E481316AA}.Release|x64.Build.0 = Release|Any CPU
		{4B645C4F-6DFE-4E98-B503-438E481316AA}.Release|x86.ActiveCfg = Release|Any CPU
		{4B645C4F-6DFE-4E98-B503-438E481316AA}.Release|x86.Build.0 = Release|Any CPU
	EndGlobalSection
	GlobalSection(SolutionProperties) = preSolution
		HideSolutionNode = FALSE
	EndGlobalSection
	GlobalSection(NestedProjects) = preSolution
		{E2169DFA-1597-497D-A4D4-50E055754FA8} = {827E0CD3-B72D-47B6-A68D-7590B98EB39B}
		{1DACBB28-DBFF-4711-A19E-8BD91A51F5ED} = {827E0CD3-B72D-47B6-A68D-7590B98EB39B}
		{C1101783-0E96-4C76-A413-E98B43D90F27} = {827E0CD3-B72D-47B6-A68D-7590B98EB39B}
		{9D53396B-1CE0-4DA1-962C-A8DCFAAA40AB} = {827E0CD3-B72D-47B6-A68D-7590B98EB39B}
		{35341E7D-3941-4094-97A1-1AB8E7B1D0EB} = {827E0CD3-B72D-47B6-A68D-7590B98EB39B}
		{94A9506B-9BB1-4F66-9EA9-FADF873E8B82} = {827E0CD3-B72D-47B6-A68D-7590B98EB39B}
		{4B645C4F-6DFE-4E98-B503-438E481316AA} = {827E0CD3-B72D-47B6-A68D-7590B98EB39B}
	EndGlobalSection
EndGlobal
